// !$*UTF8*$!
{
	archiveVersion = 1;
	classes = {
	};
	objectVersion = 56;
	objects = {

/* Begin PBXBuildFile section */
		9AB186652A581DE500795002 /* AppDelegate.swift in Sources */ = {isa = PBXBuildFile; fileRef = 9AB186642A581DE500795002 /* AppDelegate.swift */; };
		9AB186672A581DE500795002 /* SceneDelegate.swift in Sources */ = {isa = PBXBuildFile; fileRef = 9AB186662A581DE500795002 /* SceneDelegate.swift */; };
		9AB186712A581DE600795002 /* Assets.xcassets in Resources */ = {isa = PBXBuildFile; fileRef = 9AB186702A581DE600795002 /* Assets.xcassets */; };
		9AB186742A581DE600795002 /* LaunchScreen.storyboard in Resources */ = {isa = PBXBuildFile; fileRef = 9AB186722A581DE600795002 /* LaunchScreen.storyboard */; };
		9AB186862A581EDC00795002 /* DependencyContainer.swift in Sources */ = {isa = PBXBuildFile; fileRef = 9AB186852A581EDC00795002 /* DependencyContainer.swift */; };
		9AB186892A581EFB00795002 /* SavedIPAddress.xcdatamodeld in Sources */ = {isa = PBXBuildFile; fileRef = 9AB186872A581EFB00795002 /* SavedIPAddress.xcdatamodeld */; };
		9AB186912A581F8C00795002 /* LocalizationManager.swift in Sources */ = {isa = PBXBuildFile; fileRef = 9AB186902A581F8C00795002 /* LocalizationManager.swift */; };
		9AB186932A581F9600795002 /* APIManager.swift in Sources */ = {isa = PBXBuildFile; fileRef = 9AB186922A581F9600795002 /* APIManager.swift */; };
		9AB186952A581FA700795002 /* LanguageManager.swift in Sources */ = {isa = PBXBuildFile; fileRef = 9AB186942A581FA700795002 /* LanguageManager.swift */; };
		9AB186972A581FBB00795002 /* CoreDataManager.swift in Sources */ = {isa = PBXBuildFile; fileRef = 9AB186962A581FBB00795002 /* CoreDataManager.swift */; };
		9AB186992A58205300795002 /* LanguageSelectionViewModel.swift in Sources */ = {isa = PBXBuildFile; fileRef = 9AB186982A58205300795002 /* LanguageSelectionViewModel.swift */; };
		9AB1869C2A58207100795002 /* MainViewModel.swift in Sources */ = {isa = PBXBuildFile; fileRef = 9AB1869B2A58207100795002 /* MainViewModel.swift */; };
		9AB1869E2A58209600795002 /* CustomTabBar.swift in Sources */ = {isa = PBXBuildFile; fileRef = 9AB1869D2A58209600795002 /* CustomTabBar.swift */; };
		9AB186A02A5820B600795002 /* CustomTabBarController.swift in Sources */ = {isa = PBXBuildFile; fileRef = 9AB1869F2A5820B600795002 /* CustomTabBarController.swift */; };
		9AB186A22A5820D700795002 /* MainViewController.swift in Sources */ = {isa = PBXBuildFile; fileRef = 9AB186A12A5820D600795002 /* MainViewController.swift */; };
		9AB186A42A5820FC00795002 /* LanguageSelectionViewController.swift in Sources */ = {isa = PBXBuildFile; fileRef = 9AB186A32A5820FC00795002 /* LanguageSelectionViewController.swift */; };
		9AB186A72A58213600795002 /* Localizable.strings in Resources */ = {isa = PBXBuildFile; fileRef = 9AB186A92A58213600795002 /* Localizable.strings */; };
/* End PBXBuildFile section */

/* Begin PBXFileReference section */
		9AB186612A581DE500795002 /* 7homework6m.app */ = {isa = PBXFileReference; explicitFileType = wrapper.application; includeInIndex = 0; path = 7homework6m.app; sourceTree = BUILT_PRODUCTS_DIR; };
		9AB186642A581DE500795002 /* AppDelegate.swift */ = {isa = PBXFileReference; lastKnownFileType = sourcecode.swift; path = AppDelegate.swift; sourceTree = "<group>"; };
		9AB186662A581DE500795002 /* SceneDelegate.swift */ = {isa = PBXFileReference; lastKnownFileType = sourcecode.swift; path = SceneDelegate.swift; sourceTree = "<group>"; };
		9AB186702A581DE600795002 /* Assets.xcassets */ = {isa = PBXFileReference; lastKnownFileType = folder.assetcatalog; path = Assets.xcassets; sourceTree = "<group>"; };
		9AB186732A581DE600795002 /* Base */ = {isa = PBXFileReference; lastKnownFileType = file.storyboard; name = Base; path = Base.lproj/LaunchScreen.storyboard; sourceTree = "<group>"; };
		9AB186752A581DE600795002 /* Info.plist */ = {isa = PBXFileReference; lastKnownFileType = text.plist.xml; path = Info.plist; sourceTree = "<group>"; };
		9AB186842A581E9900795002 /* ru */ = {isa = PBXFileReference; lastKnownFileType = text.plist.strings; name = ru; path = ru.lproj/LaunchScreen.strings; sourceTree = "<group>"; };
		9AB186852A581EDC00795002 /* DependencyContainer.swift */ = {isa = PBXFileReference; lastKnownFileType = sourcecode.swift; path = DependencyContainer.swift; sourceTree = "<group>"; };
		9AB186882A581EFB00795002 /* SavedIPAddress.xcdatamodel */ = {isa = PBXFileReference; lastKnownFileType = wrapper.xcdatamodel; path = SavedIPAddress.xcdatamodel; sourceTree = "<group>"; };
		9AB186902A581F8C00795002 /* LocalizationManager.swift */ = {isa = PBXFileReference; lastKnownFileType = sourcecode.swift; name = LocalizationManager.swift; path = 7homework6m/Models/LocalizationManager.swift; sourceTree = SOURCE_ROOT; };
		9AB186922A581F9600795002 /* APIManager.swift */ = {isa = PBXFileReference; lastKnownFileType = sourcecode.swift; name = APIManager.swift; path = 7homework6m/Models/APIManager.swift; sourceTree = SOURCE_ROOT; };
		9AB186942A581FA700795002 /* LanguageManager.swift */ = {isa = PBXFileReference; lastKnownFileType = sourcecode.swift; name = LanguageManager.swift; path = 7homework6m/Models/LanguageManager.swift; sourceTree = SOURCE_ROOT; };
		9AB186962A581FBB00795002 /* CoreDataManager.swift */ = {isa = PBXFileReference; lastKnownFileType = sourcecode.swift; name = CoreDataManager.swift; path = 7homework6m/Models/CoreDataManager.swift; sourceTree = SOURCE_ROOT; };
		9AB186982A58205300795002 /* LanguageSelectionViewModel.swift */ = {isa = PBXFileReference; lastKnownFileType = sourcecode.swift; path = LanguageSelectionViewModel.swift; sourceTree = "<group>"; };
		9AB1869B2A58207100795002 /* MainViewModel.swift */ = {isa = PBXFileReference; lastKnownFileType = sourcecode.swift; path = MainViewModel.swift; sourceTree = "<group>"; };
		9AB1869D2A58209600795002 /* CustomTabBar.swift */ = {isa = PBXFileReference; lastKnownFileType = sourcecode.swift; path = CustomTabBar.swift; sourceTree = "<group>"; };
		9AB1869F2A5820B600795002 /* CustomTabBarController.swift */ = {isa = PBXFileReference; lastKnownFileType = sourcecode.swift; path = CustomTabBarController.swift; sourceTree = "<group>"; };
		9AB186A12A5820D600795002 /* MainViewController.swift */ = {isa = PBXFileReference; lastKnownFileType = sourcecode.swift; path = MainViewController.swift; sourceTree = "<group>"; };
		9AB186A32A5820FC00795002 /* LanguageSelectionViewController.swift */ = {isa = PBXFileReference; lastKnownFileType = sourcecode.swift; path = LanguageSelectionViewController.swift; sourceTree = "<group>"; };
		9AB186A82A58213600795002 /* en */ = {isa = PBXFileReference; lastKnownFileType = text.plist.strings; name = en; path = en.lproj/Localizable.strings; sourceTree = "<group>"; };
		9AB186AA2A58213A00795002 /* ru */ = {isa = PBXFileReference; lastKnownFileType = text.plist.strings; name = ru; path = ru.lproj/Localizable.strings; sourceTree = "<group>"; };
/* End PBXFileReference section */

/* Begin PBXFrameworksBuildPhase section */
		9AB1865E2A581DE500795002 /* Frameworks */ = {
			isa = PBXFrameworksBuildPhase;
			buildActionMask = 2147483647;
			files = (
			);
			runOnlyForDeploymentPostprocessing = 0;
		};
/* End PBXFrameworksBuildPhase section */

/* Begin PBXGroup section */
		9AB186582A581DE500795002 = {
			isa = PBXGroup;
			children = (
				9AB186632A581DE500795002 /* 7homework6m */,
				9AB186622A581DE500795002 /* Products */,
			);
			sourceTree = "<group>";
		};
		9AB186622A581DE500795002 /* Products */ = {
			isa = PBXGroup;
			children = (
				9AB186612A581DE500795002 /* 7homework6m.app */,
			);
			name = Products;
			sourceTree = "<group>";
		};
		9AB186632A581DE500795002 /* 7homework6m */ = {
			isa = PBXGroup;
			children = (
				9AB1867D2A581E2500795002 /* DI */,
				9AB1867E2A581E2B00795002 /* Models */,
				9AB1868B2A581F4100795002 /* Utilities */,
				9AB1867C2A581E1400795002 /* Core */,
				9AB1867B2A581E0300795002 /* Resources */,
				9AB186802A581E4400795002 /* ViewModels */,
				9AB186812A581E5A00795002 /* Views */,
				9AB186822A581E6300795002 /* Controllers */,
				9AB186832A581E7000795002 /* Localization */,
				9AB186752A581DE600795002 /* Info.plist */,
			);
			path = 7homework6m;
			sourceTree = "<group>";
		};
		9AB1867B2A581E0300795002 /* Resources */ = {
			isa = PBXGroup;
			children = (
				9AB186722A581DE600795002 /* LaunchScreen.storyboard */,
				9AB186702A581DE600795002 /* Assets.xcassets */,
			);
			path = Resources;
			sourceTree = "<group>";
		};
		9AB1867C2A581E1400795002 /* Core */ = {
			isa = PBXGroup;
			children = (
				9AB186662A581DE500795002 /* SceneDelegate.swift */,
				9AB186642A581DE500795002 /* AppDelegate.swift */,
			);
			path = Core;
			sourceTree = "<group>";
		};
		9AB1867D2A581E2500795002 /* DI */ = {
			isa = PBXGroup;
			children = (
				9AB186852A581EDC00795002 /* DependencyContainer.swift */,
			);
			path = DI;
			sourceTree = "<group>";
		};
		9AB1867E2A581E2B00795002 /* Models */ = {
			isa = PBXGroup;
			children = (
				9AB186872A581EFB00795002 /* SavedIPAddress.xcdatamodeld */,
			);
			path = Models;
			sourceTree = "<group>";
		};
		9AB186802A581E4400795002 /* ViewModels */ = {
			isa = PBXGroup;
			children = (
				9AB186982A58205300795002 /* LanguageSelectionViewModel.swift */,
				9AB1869B2A58207100795002 /* MainViewModel.swift */,
			);
			path = ViewModels;
			sourceTree = "<group>";
		};
		9AB186812A581E5A00795002 /* Views */ = {
			isa = PBXGroup;
			children = (
				9AB1869D2A58209600795002 /* CustomTabBar.swift */,
			);
			path = Views;
			sourceTree = "<group>";
		};
		9AB186822A581E6300795002 /* Controllers */ = {
			isa = PBXGroup;
			children = (
				9AB1869F2A5820B600795002 /* CustomTabBarController.swift */,
				9AB186A12A5820D600795002 /* MainViewController.swift */,
				9AB186A32A5820FC00795002 /* LanguageSelectionViewController.swift */,
			);
			path = Controllers;
			sourceTree = "<group>";
		};
		9AB186832A581E7000795002 /* Localization */ = {
			isa = PBXGroup;
			children = (
				9AB186A92A58213600795002 /* Localizable.strings */,
			);
			path = Localization;
			sourceTree = "<group>";
		};
		9AB1868B2A581F4100795002 /* Utilities */ = {
			isa = PBXGroup;
			children = (
				9AB1868C2A581F4C00795002 /* Localization */,
				9AB1868D2A581F5400795002 /* API */,
				9AB1868E2A581F5B00795002 /* Language */,
				9AB1868F2A581F6200795002 /* CoreData */,
			);
			path = Utilities;
			sourceTree = "<group>";
		};
		9AB1868C2A581F4C00795002 /* Localization */ = {
			isa = PBXGroup;
			children = (
				9AB186902A581F8C00795002 /* LocalizationManager.swift */,
			);
			path = Localization;
			sourceTree = "<group>";
		};
		9AB1868D2A581F5400795002 /* API */ = {
			isa = PBXGroup;
			children = (
				9AB186922A581F9600795002 /* APIManager.swift */,
			);
			path = API;
			sourceTree = "<group>";
		};
		9AB1868E2A581F5B00795002 /* Language */ = {
			isa = PBXGroup;
			children = (
				9AB186942A581FA700795002 /* LanguageManager.swift */,
			);
			path = Language;
			sourceTree = "<group>";
		};
		9AB1868F2A581F6200795002 /* CoreData */ = {
			isa = PBXGroup;
			children = (
				9AB186962A581FBB00795002 /* CoreDataManager.swift */,
			);
			path = CoreData;
			sourceTree = "<group>";
		};
/* End PBXGroup section */

/* Begin PBXNativeTarget section */
		9AB186602A581DE500795002 /* 7homework6m */ = {
			isa = PBXNativeTarget;
			buildConfigurationList = 9AB186782A581DE600795002 /* Build configuration list for PBXNativeTarget "7homework6m" */;
			buildPhases = (
				9AB1865D2A581DE500795002 /* Sources */,
				9AB1865E2A581DE500795002 /* Frameworks */,
				9AB1865F2A581DE500795002 /* Resources */,
			);
			buildRules = (
			);
			dependencies = (
			);
			name = 7homework6m;
			productName = 7homework6m;
			productReference = 9AB186612A581DE500795002 /* 7homework6m.app */;
			productType = "com.apple.product-type.application";
		};
/* End PBXNativeTarget section */

/* Begin PBXProject section */
		9AB186592A581DE500795002 /* Project object */ = {
			isa = PBXProject;
			attributes = {
				BuildIndependentTargetsInParallel = 1;
				LastSwiftUpdateCheck = 1430;
				LastUpgradeCheck = 1430;
				TargetAttributes = {
					9AB186602A581DE500795002 = {
						CreatedOnToolsVersion = 14.3.1;
					};
				};
			};
			buildConfigurationList = 9AB1865C2A581DE500795002 /* Build configuration list for PBXProject "7homework6m" */;
			compatibilityVersion = "Xcode 14.0";
			developmentRegion = en;
			hasScannedForEncodings = 0;
			knownRegions = (
				en,
				Base,
				ru,
			);
			mainGroup = 9AB186582A581DE500795002;
			productRefGroup = 9AB186622A581DE500795002 /* Products */;
			projectDirPath = "";
			projectRoot = "";
			targets = (
				9AB186602A581DE500795002 /* 7homework6m */,
			);
		};
/* End PBXProject section */

/* Begin PBXResourcesBuildPhase section */
		9AB1865F2A581DE500795002 /* Resources */ = {
			isa = PBXResourcesBuildPhase;
			buildActionMask = 2147483647;
			files = (
				9AB186742A581DE600795002 /* LaunchScreen.storyboard in Resources */,
				9AB186A72A58213600795002 /* Localizable.strings in Resources */,
				9AB186712A581DE600795002 /* Assets.xcassets in Resources */,
			);
			runOnlyForDeploymentPostprocessing = 0;
		};
/* End PBXResourcesBuildPhase section */

/* Begin PBXSourcesBuildPhase section */
		9AB1865D2A581DE500795002 /* Sources */ = {
			isa = PBXSourcesBuildPhase;
			buildActionMask = 2147483647;
			files = (
				9AB186932A581F9600795002 /* APIManager.swift in Sources */,
				9AB186A22A5820D700795002 /* MainViewController.swift in Sources */,
				9AB186952A581FA700795002 /* LanguageManager.swift in Sources */,
				9AB186A02A5820B600795002 /* CustomTabBarController.swift in Sources */,
				9AB186912A581F8C00795002 /* LocalizationManager.swift in Sources */,
				9AB1869E2A58209600795002 /* CustomTabBar.swift in Sources */,
				9AB186652A581DE500795002 /* AppDelegate.swift in Sources */,
				9AB186892A581EFB00795002 /* SavedIPAddress.xcdatamodeld in Sources */,
				9AB1869C2A58207100795002 /* MainViewModel.swift in Sources */,
				9AB186862A581EDC00795002 /* DependencyContainer.swift in Sources */,
				9AB186972A581FBB00795002 /* CoreDataManager.swift in Sources */,
				9AB186992A58205300795002 /* LanguageSelectionViewModel.swift in Sources */,
				9AB186672A581DE500795002 /* SceneDelegate.swift in Sources */,
				9AB186A42A5820FC00795002 /* LanguageSelectionViewController.swift in Sources */,
			);
			runOnlyForDeploymentPostprocessing = 0;
		};
/* End PBXSourcesBuildPhase section */

/* Begin PBXVariantGroup section */
		9AB186722A581DE600795002 /* LaunchScreen.storyboard */ = {
			isa = PBXVariantGroup;
			children = (
				9AB186732A581DE600795002 /* Base */,
				9AB186842A581E9900795002 /* ru */,
			);
			name = LaunchScreen.storyboard;
			sourceTree = "<group>";
		};
		9AB186A92A58213600795002 /* Localizable.strings */ = {
			isa = PBXVariantGroup;
			children = (
				9AB186A82A58213600795002 /* en */,
				9AB186AA2A58213A00795002 /* ru */,
			);
			name = Localizable.strings;
			sourceTree = "<group>";
		};
/* End PBXVariantGroup section */

/* Begin XCBuildConfiguration section */
		9AB186762A581DE600795002 /* Debug */ = {
			isa = XCBuildConfiguration;
			buildSettings = {
				ALWAYS_SEARCH_USER_PATHS = NO;
				CLANG_ANALYZER_LOCALIZABILITY_NONLOCALIZED = YES;
				CLANG_ANALYZER_NONNULL = YES;
				CLANG_ANALYZER_NUMBER_OBJECT_CONVERSION = YES_AGGRESSIVE;
				CLANG_CXX_LANGUAGE_STANDARD = "gnu++20";
				CLANG_ENABLE_MODULES = YES;
				CLANG_ENABLE_OBJC_ARC = YES;
				CLANG_ENABLE_OBJC_WEAK = YES;
				CLANG_WARN_BLOCK_CAPTURE_AUTORELEASING = YES;
				CLANG_WARN_BOOL_CONVERSION = YES;
				CLANG_WARN_COMMA = YES;
				CLANG_WARN_CONSTANT_CONVERSION = YES;
				CLANG_WARN_DEPRECATED_OBJC_IMPLEMENTATIONS = YES;
				CLANG_WARN_DIRECT_OBJC_ISA_USAGE = YES_ERROR;
				CLANG_WARN_DOCUMENTATION_COMMENTS = YES;
				CLANG_WARN_EMPTY_BODY = YES;
				CLANG_WARN_ENUM_CONVERSION = YES;
				CLANG_WARN_INFINITE_RECURSION = YES;
				CLANG_WARN_INT_CONVERSION = YES;
				CLANG_WARN_NON_LITERAL_NULL_CONVERSION = YES;
				CLANG_WARN_OBJC_IMPLICIT_RETAIN_SELF = YES;
				CLANG_WARN_OBJC_LITERAL_CONVERSION = YES;
				CLANG_WARN_OBJC_ROOT_CLASS = YES_ERROR;
				CLANG_WARN_QUOTED_INCLUDE_IN_FRAMEWORK_HEADER = YES;
				CLANG_WARN_RANGE_LOOP_ANALYSIS = YES;
				CLANG_WARN_STRICT_PROTOTYPES = YES;
				CLANG_WARN_SUSPICIOUS_MOVE = YES;
				CLANG_WARN_UNGUARDED_AVAILABILITY = YES_AGGRESSIVE;
				CLANG_WARN_UNREACHABLE_CODE = YES;
				CLANG_WARN__DUPLICATE_METHOD_MATCH = YES;
				COPY_PHASE_STRIP = NO;
				DEBUG_INFORMATION_FORMAT = dwarf;
				ENABLE_STRICT_OBJC_MSGSEND = YES;
				ENABLE_TESTABILITY = YES;
				GCC_C_LANGUAGE_STANDARD = gnu11;
				GCC_DYNAMIC_NO_PIC = NO;
				GCC_NO_COMMON_BLOCKS = YES;
				GCC_OPTIMIZATION_LEVEL = 0;
				GCC_PREPROCESSOR_DEFINITIONS = (
					"DEBUG=1",
					"$(inherited)",
				);
				GCC_WARN_64_TO_32_BIT_CONVERSION = YES;
				GCC_WARN_ABOUT_RETURN_TYPE = YES_ERROR;
				GCC_WARN_UNDECLARED_SELECTOR = YES;
				GCC_WARN_UNINITIALIZED_AUTOS = YES_AGGRESSIVE;
				GCC_WARN_UNUSED_FUNCTION = YES;
				GCC_WARN_UNUSED_VARIABLE = YES;
				IPHONEOS_DEPLOYMENT_TARGET = 16.4;
				MTL_ENABLE_DEBUG_INFO = INCLUDE_SOURCE;
				MTL_FAST_MATH = YES;
				ONLY_ACTIVE_ARCH = YES;
				SDKROOT = iphoneos;
				SWIFT_ACTIVE_COMPILATION_CONDITIONS = DEBUG;
				SWIFT_OPTIMIZATION_LEVEL = "-Onone";
			};
			name = Debug;
		};
		9AB186772A581DE600795002 /* Release */ = {
			isa = XCBuildConfiguration;
			buildSettings = {
				ALWAYS_SEARCH_USER_PATHS = NO;
				CLANG_ANALYZER_LOCALIZABILITY_NONLOCALIZED = YES;
				CLANG_ANALYZER_NONNULL = YES;
				CLANG_ANALYZER_NUMBER_OBJECT_CONVERSION = YES_AGGRESSIVE;
				CLANG_CXX_LANGUAGE_STANDARD = "gnu++20";
				CLANG_ENABLE_MODULES = YES;
				CLANG_ENABLE_OBJC_ARC = YES;
				CLANG_ENABLE_OBJC_WEAK = YES;
				CLANG_WARN_BLOCK_CAPTURE_AUTORELEASING = YES;
				CLANG_WARN_BOOL_CONVERSION = YES;
				CLANG_WARN_COMMA = YES;
				CLANG_WARN_CONSTANT_CONVERSION = YES;
				CLANG_WARN_DEPRECATED_OBJC_IMPLEMENTATIONS = YES;
				CLANG_WARN_DIRECT_OBJC_ISA_USAGE = YES_ERROR;
				CLANG_WARN_DOCUMENTATION_COMMENTS = YES;
				CLANG_WARN_EMPTY_BODY = YES;
				CLANG_WARN_ENUM_CONVERSION = YES;
				CLANG_WARN_INFINITE_RECURSION = YES;
				CLANG_WARN_INT_CONVERSION = YES;
				CLANG_WARN_NON_LITERAL_NULL_CONVERSION = YES;
				CLANG_WARN_OBJC_IMPLICIT_RETAIN_SELF = YES;
				CLANG_WARN_OBJC_LITERAL_CONVERSION = YES;
				CLANG_WARN_OBJC_ROOT_CLASS = YES_ERROR;
				CLANG_WARN_QUOTED_INCLUDE_IN_FRAMEWORK_HEADER = YES;
				CLANG_WARN_RANGE_LOOP_ANALYSIS = YES;
				CLANG_WARN_STRICT_PROTOTYPES = YES;
				CLANG_WARN_SUSPICIOUS_MOVE = YES;
				CLANG_WARN_UNGUARDED_AVAILABILITY = YES_AGGRESSIVE;
				CLANG_WARN_UNREACHABLE_CODE = YES;
				CLANG_WARN__DUPLICATE_METHOD_MATCH = YES;
				COPY_PHASE_STRIP = NO;
				DEBUG_INFORMATION_FORMAT = "dwarf-with-dsym";
				ENABLE_NS_ASSERTIONS = NO;
				ENABLE_STRICT_OBJC_MSGSEND = YES;
				GCC_C_LANGUAGE_STANDARD = gnu11;
				GCC_NO_COMMON_BLOCKS = YES;
				GCC_WARN_64_TO_32_BIT_CONVERSION = YES;
				GCC_WARN_ABOUT_RETURN_TYPE = YES_ERROR;
				GCC_WARN_UNDECLARED_SELECTOR = YES;
				GCC_WARN_UNINITIALIZED_AUTOS = YES_AGGRESSIVE;
				GCC_WARN_UNUSED_FUNCTION = YES;
				GCC_WARN_UNUSED_VARIABLE = YES;
				IPHONEOS_DEPLOYMENT_TARGET = 16.4;
				MTL_ENABLE_DEBUG_INFO = NO;
				MTL_FAST_MATH = YES;
				SDKROOT = iphoneos;
				SWIFT_COMPILATION_MODE = wholemodule;
				SWIFT_OPTIMIZATION_LEVEL = "-O";
				VALIDATE_PRODUCT = YES;
			};
			name = Release;
		};
		9AB186792A581DE600795002 /* Debug */ = {
			isa = XCBuildConfiguration;
			buildSettings = {
				ASSETCATALOG_COMPILER_APPICON_NAME = AppIcon;
				ASSETCATALOG_COMPILER_GLOBAL_ACCENT_COLOR_NAME = AccentColor;
				CODE_SIGN_STYLE = Automatic;
				CURRENT_PROJECT_VERSION = 1;
				DEVELOPMENT_TEAM = S24JM78SDV;
				GENERATE_INFOPLIST_FILE = YES;
				INFOPLIST_FILE = 7homework6m/Info.plist;
				INFOPLIST_KEY_UIApplicationSupportsIndirectInputEvents = YES;
				INFOPLIST_KEY_UILaunchStoryboardName = LaunchScreen;
				INFOPLIST_KEY_UISupportedInterfaceOrientations = UIInterfaceOrientationPortrait;
				INFOPLIST_KEY_UISupportedInterfaceOrientations_iPad = "UIInterfaceOrientationLandscapeLeft UIInterfaceOrientationLandscapeRight UIInterfaceOrientationPortrait UIInterfaceOrientationPortraitUpsideDown";
				LD_RUNPATH_SEARCH_PATHS = (
					"$(inherited)",
					"@executable_path/Frameworks",
				);
				MARKETING_VERSION = 1.0;
				PRODUCT_BUNDLE_IDENTIFIER = "mavlyuda.-homework6m";
				PRODUCT_NAME = "$(TARGET_NAME)";
				SUPPORTED_PLATFORMS = "iphoneos iphonesimulator";
				SUPPORTS_MACCATALYST = NO;
				SUPPORTS_MAC_DESIGNED_FOR_IPHONE_IPAD = NO;
				SWIFT_EMIT_LOC_STRINGS = YES;
				SWIFT_VERSION = 5.0;
				TARGETED_DEVICE_FAMILY = 1;
			};
			name = Debug;
		};
		9AB1867A2A581DE600795002 /* Release */ = {
			isa = XCBuildConfiguration;
			buildSettings = {
				ASSETCATALOG_COMPILER_APPICON_NAME = AppIcon;
				ASSETCATALOG_COMPILER_GLOBAL_ACCENT_COLOR_NAME = AccentColor;
				CODE_SIGN_STYLE = Automatic;
				CURRENT_PROJECT_VERSION = 1;
				DEVELOPMENT_TEAM = S24JM78SDV;
				GENERATE_INFOPLIST_FILE = YES;
				INFOPLIST_FILE = 7homework6m/Info.plist;
				INFOPLIST_KEY_UIApplicationSupportsIndirectInputEvents = YES;
				INFOPLIST_KEY_UILaunchStoryboardName = LaunchScreen;
				INFOPLIST_KEY_UISupportedInterfaceOrientations = UIInterfaceOrientationPortrait;
				INFOPLIST_KEY_UISupportedInterfaceOrientations_iPad = "UIInterfaceOrientationLandscapeLeft UIInterfaceOrientationLandscapeRight UIInterfaceOrientationPortrait UIInterfaceOrientationPortraitUpsideDown";
				LD_RUNPATH_SEARCH_PATHS = (
					"$(inherited)",
					"@executable_path/Frameworks",
				);
				MARKETING_VERSION = 1.0;
				PRODUCT_BUNDLE_IDENTIFIER = "mavlyuda.-homework6m";
				PRODUCT_NAME = "$(TARGET_NAME)";
				SUPPORTED_PLATFORMS = "iphoneos iphonesimulator";
				SUPPORTS_MACCATALYST = NO;
				SUPPORTS_MAC_DESIGNED_FOR_IPHONE_IPAD = NO;
				SWIFT_EMIT_LOC_STRINGS = YES;
				SWIFT_VERSION = 5.0;
				TARGETED_DEVICE_FAMILY = 1;
			};
			name = Release;
		};
/* End XCBuildConfiguration section */

/* Begin XCConfigurationList section */
		9AB1865C2A581DE500795002 /* Build configuration list for PBXProject "7homework6m" */ = {
			isa = XCConfigurationList;
			buildConfigurations = (
				9AB186762A581DE600795002 /* Debug */,
				9AB186772A581DE600795002 /* Release */,
			);
			defaultConfigurationIsVisible = 0;
			defaultConfigurationName = Release;
		};
		9AB186782A581DE600795002 /* Build configuration list for PBXNativeTarget "7homework6m" */ = {
			isa = XCConfigurationList;
			buildConfigurations = (
				9AB186792A581DE600795002 /* Debug */,
				9AB1867A2A581DE600795002 /* Release */,
			);
			defaultConfigurationIsVisible = 0;
			defaultConfigurationName = Release;
		};
/* End XCConfigurationList section */

/* Begin XCVersionGroup section */
		9AB186872A581EFB00795002 /* SavedIPAddress.xcdatamodeld */ = {
			isa = XCVersionGroup;
			children = (
				9AB186882A581EFB00795002 /* SavedIPAddress.xcdatamodel */,
			);
			currentVersion = 9AB186882A581EFB00795002 /* SavedIPAddress.xcdatamodel */;
			path = SavedIPAddress.xcdatamodeld;
			sourceTree = "<group>";
			versionGroupType = wrapper.xcdatamodel;
		};
/* End XCVersionGroup section */
	};
	rootObject = 9AB186592A581DE500795002 /* Project object */;
}
